
Microsoft Visual Studio Solution File, Format Version 12.00
# Visual Studio Version 16
VisualStudioVersion = 16.0.30523.141
MinimumVisualStudioVersion = 10.0.40219.1
Project("{9A19103F-16F7-4668-BE54-9A1E7A4F7556}") = "PracticeSingleResponsibilityPrinciple", "PracticeSingleResponsibilityPrinciple\PracticeSingleResponsibilityPrinciple.csproj", "{04F3CDBF-9E1F-489B-B1DE-233A29422CEE}"
EndProject
Project("{FAE04EC0-301F-11D3-BF4B-00C04F79EFBC}") = "Test", "Test\Test.csproj", "{F3DFF2AA-11BE-48FC-8F34-4FD1EA4C8DB8}"
EndProject
Global
	GlobalSection(SolutionConfigurationPlatforms) = preSolution
		Debug|Any CPU = Debug|Any CPU
		Release|Any CPU = Release|Any CPU
	EndGlobalSection
	GlobalSection(ProjectConfigurationPlatforms) = postSolution
		{04F3CDBF-9E1F-489B-B1DE-233A29422CEE}.Debug|Any CPU.ActiveCfg = Debug|Any CPU
		{04F3CDBF-9E1F-489B-B1DE-233A29422CEE}.Debug|Any CPU.Build.0 = Debug|Any CPU
		{04F3CDBF-9E1F-489B-B1DE-233A29422CEE}.Release|Any CPU.ActiveCfg = Release|Any CPU
		{04F3CDBF-9E1F-489B-B1DE-233A29422CEE}.Release|Any CPU.Build.0 = Release|Any CPU
		{F3DFF2AA-11BE-48FC-8F34-4FD1EA4C8DB8}.Debug|Any CPU.ActiveCfg = Debug|Any CPU
		{F3DFF2AA-11BE-48FC-8F34-4FD1EA4C8DB8}.Debug|Any CPU.Build.0 = Debug|Any CPU
		{F3DFF2AA-11BE-48FC-8F34-4FD1EA4C8DB8}.Release|Any CPU.ActiveCfg = Release|Any CPU
		{F3DFF2AA-11BE-48FC-8F34-4FD1EA4C8DB8}.Release|Any CPU.Build.0 = Release|Any CPU
	EndGlobalSection
	GlobalSection(SolutionProperties) = preSolution
		HideSolutionNode = FALSE
	EndGlobalSection
	GlobalSection(ExtensibilityGlobals) = postSolution
		SolutionGuid = {E8F90F26-9E59-476C-825C-09720D988633}
	EndGlobalSection
EndGlobal
